{
  "name": "bob-plugin-le-dictionnaire",
  "version": "1.0.1",
  "lockfileVersion": 3,
  "requires": true,
  "packages": {
    "": {
      "name": "bob-plugin-le-dictionnaire",
      "version": "1.0.1",
      "license": "ISC",
      "dependencies": {
        "@bob-plug/core": "0.1.6",
        "adm-zip": "0.5.10",
        "cheerio": "1.0.0-rc.12",
        "crypto-js": "4.2.0",
        "esbuild": "0.14.48"
      }
    },
    "node_modules/@bob-plug/core": {
      "version": "0.1.6",
      "resolved": "https://registry.npmjs.org/@bob-plug/core/-/core-0.1.6.tgz",
      "integrity": "sha512-qKe4PmiJuEtTRsSBMD4DJ9ttsUAs5tOfoTXRxWQ6btXfM+w3Q+ZCqMP1qkmAGHPPkjxqFy51xnIXokSP7RuOAQ==",
      "license": "MIT",
      "engines": {
        "node": "^12.20.0 || ^14.13.1 || >=16.0.0"
      }
    },
    "node_modules/adm-zip": {
      "version": "0.5.10",
      "resolved": "https://registry.npmjs.org/adm-zip/-/adm-zip-0.5.10.tgz",
      "integrity": "sha512-x0HvcHqVJNTPk/Bw8JbLWlWoo6Wwnsug0fnYYro1HBrjxZ3G7/AZk7Ahv8JwDe1uIcz8eBqvu86FuF1POiG7vQ==",
      "license": "MIT",
      "engines": {
        "node": ">=6.0"
      }
    },
    "node_modules/boolbase": {
      "version": "1.0.0",
      "resolved": "https://registry.npmjs.org/boolbase/-/boolbase-1.0.0.tgz",
      "integrity": "sha512-JZOSA7Mo9sNGB8+UjSgzdLtokWAky1zbztM3WRLCbZ70/3cTANmQmOdR7y2g+J0e2WXywy1yS468tY+IruqEww==",
      "license": "ISC"
    },
    "node_modules/cheerio": {
      "version": "1.0.0-rc.12",
      "resolved": "https://registry.npmjs.org/cheerio/-/cheerio-1.0.0-rc.12.tgz",
      "integrity": "sha512-VqR8m68vM46BNnuZ5NtnGBKIE/DfN0cRIzg9n40EIq9NOv90ayxLBXA8fXC5gquFRGJSTRqBq25Jt2ECLR431Q==",
      "license": "MIT",
      "dependencies": {
        "cheerio-select": "^2.1.0",
        "dom-serializer": "^2.0.0",
        "domhandler": "^5.0.3",
        "domutils": "^3.0.1",
        "htmlparser2": "^8.0.1",
        "parse5": "^7.0.0",
        "parse5-htmlparser2-tree-adapter": "^7.0.0"
      },
      "engines": {
        "node": ">= 6"
      },
      "funding": {
        "url": "https://github.com/cheeriojs/cheerio?sponsor=1"
      }
    },
    "node_modules/cheerio-select": {
      "version": "2.1.0",
      "resolved": "https://registry.npmjs.org/cheerio-select/-/cheerio-select-2.1.0.tgz",
      "integrity": "sha512-9v9kG0LvzrlcungtnJtpGNxY+fzECQKhK4EGJX2vByejiMX84MFNQw4UxPJl3bFbTMw+Dfs37XaIkCwTZfLh4g==",
      "license": "BSD-2-Clause",
      "dependencies": {
        "boolbase": "^1.0.0",
        "css-select": "^5.1.0",
        "css-what": "^6.1.0",
        "domelementtype": "^2.3.0",
        "domhandler": "^5.0.3",
        "domutils": "^3.0.1"
      },
      "funding": {
        "url": "https://github.com/sponsors/fb55"
      }
    },
    "node_modules/crypto-js": {
      "version": "4.2.0",
      "resolved": "https://registry.npmjs.org/crypto-js/-/crypto-js-4.2.0.tgz",
      "integrity": "sha512-KALDyEYgpY+Rlob/iriUtjV6d5Eq+Y191A5g4UqLAi8CyGP9N1+FdVbkc1SxKc2r4YAYqG8JzO2KGL+AizD70Q==",
      "license": "MIT"
    },
    "node_modules/css-select": {
      "version": "5.2.2",
      "resolved": "https://registry.npmjs.org/css-select/-/css-select-5.2.2.tgz",
      "integrity": "sha512-TizTzUddG/xYLA3NXodFM0fSbNizXjOKhqiQQwvhlspadZokn1KDy0NZFS0wuEubIYAV5/c1/lAr0TaaFXEXzw==",
      "license": "BSD-2-Clause",
      "dependencies": {
        "boolbase": "^1.0.0",
        "css-what": "^6.1.0",
        "domhandler": "^5.0.2",
        "domutils": "^3.0.1",
        "nth-check": "^2.0.1"
      },
      "funding": {
        "url": "https://github.com/sponsors/fb55"
      }
    },
    "node_modules/css-what": {
      "version": "6.2.2",
      "resolved": "https://registry.npmjs.org/css-what/-/css-what-6.2.2.tgz",
      "integrity": "sha512-u/O3vwbptzhMs3L1fQE82ZSLHQQfto5gyZzwteVIEyeaY5Fc7R4dapF/BvRoSYFeqfBk4m0V1Vafq5Pjv25wvA==",
      "license": "BSD-2-Clause",
      "engines": {
        "node": ">= 6"
      },
      "funding": {
        "url": "https://github.com/sponsors/fb55"
      }
    },
    "node_modules/dom-serializer": {
      "version": "2.0.0",
      "resolved": "https://registry.npmjs.org/dom-serializer/-/dom-serializer-2.0.0.tgz",
      "integrity": "sha512-wIkAryiqt/nV5EQKqQpo3SToSOV9J0DnbJqwK7Wv/Trc92zIAYZ4FlMu+JPFW1DfGFt81ZTCGgDEabffXeLyJg==",
      "license": "MIT",
      "dependencies": {
        "domelementtype": "^2.3.0",
        "domhandler": "^5.0.2",
        "entities": "^4.2.0"
      },
      "funding": {
        "url": "https://github.com/cheeriojs/dom-serializer?sponsor=1"
      }
    },
    "node_modules/domelementtype": {
      "version": "2.3.0",
      "resolved": "https://registry.npmjs.org/domelementtype/-/domelementtype-2.3.0.tgz",
      "integrity": "sha512-OLETBj6w0OsagBwdXnPdN0cnMfF9opN69co+7ZrbfPGrdpPVNBUj02spi6B1N7wChLQiPn4CSH/zJvXw56gmHw==",
      "funding": [
        {
          "type": "github",
          "url": "https://github.com/sponsors/fb55"
        }
      ],
      "license": "BSD-2-Clause"
    },
    "node_modules/domhandler": {
      "version": "5.0.3",
      "resolved": "https://registry.npmjs.org/domhandler/-/domhandler-5.0.3.tgz",
      "integrity": "sha512-cgwlv/1iFQiFnU96XXgROh8xTeetsnJiDsTc7TYCLFd9+/WNkIqPTxiM/8pSd8VIrhXGTf1Ny1q1hquVqDJB5w==",
      "license": "BSD-2-Clause",
      "dependencies": {
        "domelementtype": "^2.3.0"
      },
      "engines": {
        "node": ">= 4"
      },
      "funding": {
        "url": "https://github.com/fb55/domhandler?sponsor=1"
      }
    },
    "node_modules/domutils": {
      "version": "3.2.2",
      "resolved": "https://registry.npmjs.org/domutils/-/domutils-3.2.2.tgz",
      "integrity": "sha512-6kZKyUajlDuqlHKVX1w7gyslj9MPIXzIFiz/rGu35uC1wMi+kMhQwGhl4lt9unC9Vb9INnY9Z3/ZA3+FhASLaw==",
      "license": "BSD-2-Clause",
      "dependencies": {
        "dom-serializer": "^2.0.0",
        "domelementtype": "^2.3.0",
        "domhandler": "^5.0.3"
      },
      "funding": {
        "url": "https://github.com/fb55/domutils?sponsor=1"
      }
    },
    "node_modules/entities": {
      "version": "4.5.0",
      "resolved": "https://registry.npmjs.org/entities/-/entities-4.5.0.tgz",
      "integrity": "sha512-V0hjH4dGPh9Ao5p0MoRY6BVqtwCjhz6vI5LT8AJ55H+4g9/4vbHx1I54fS0XuclLhDHArPQCiMjDxjaL8fPxhw==",
      "license": "BSD-2-Clause",
      "engines": {
        "node": ">=0.12"
      },
      "funding": {
        "url": "https://github.com/fb55/entities?sponsor=1"
      }
    },
    "node_modules/esbuild": {
      "version": "0.14.48",
      "resolved": "https://registry.npmjs.org/esbuild/-/esbuild-0.14.48.tgz",
      "integrity": "sha512-w6N1Yn5MtqK2U1/WZTX9ZqUVb8IOLZkZ5AdHkT6x3cHDMVsYWC7WPdiLmx19w3i4Rwzy5LqsEMtVihG3e4rFzA==",
      "hasInstallScript": true,
      "license": "MIT",
      "bin": {
        "esbuild": "bin/esbuild"
      },
      "engines": {
        "node": ">=12"
      },
      "optionalDependencies": {
        "esbuild-android-64": "0.14.48",
        "esbuild-android-arm64": "0.14.48",
        "esbuild-darwin-64": "0.14.48",
        "esbuild-darwin-arm64": "0.14.48",
        "esbuild-freebsd-64": "0.14.48",
        "esbuild-freebsd-arm64": "0.14.48",
        "esbuild-linux-32": "0.14.48",
        "esbuild-linux-64": "0.14.48",
        "esbuild-linux-arm": "0.14.48",
        "esbuild-linux-arm64": "0.14.48",
        "esbuild-linux-mips64le": "0.14.48",
        "esbuild-linux-ppc64le": "0.14.48",
        "esbuild-linux-riscv64": "0.14.48",
        "esbuild-linux-s390x": "0.14.48",
        "esbuild-netbsd-64": "0.14.48",
        "esbuild-openbsd-64": "0.14.48",
        "esbuild-sunos-64": "0.14.48",
        "esbuild-windows-32": "0.14.48",
        "esbuild-windows-64": "0.14.48",
        "esbuild-windows-arm64": "0.14.48"
      }
    },
    "node_modules/esbuild-android-64": {
      "version": "0.14.48",
      "resolved": "https://registry.npmjs.org/esbuild-android-64/-/esbuild-android-64-0.14.48.tgz",
      "integrity": "sha512-3aMjboap/kqwCUpGWIjsk20TtxVoKck8/4Tu19rubh7t5Ra0Yrpg30Mt1QXXlipOazrEceGeWurXKeFJgkPOUg==",
      "cpu": [
        "x64"
      ],
      "license": "MIT",
      "optional": true,
      "os": [
        "android"
      ],
      "engines": {
        "node": ">=12"
      }
    },
    "node_modules/esbuild-android-arm64": {
      "version": "0.14.48",
      "resolved": "https://registry.npmjs.org/esbuild-android-arm64/-/esbuild-android-arm64-0.14.48.tgz",
      "integrity": "sha512-vptI3K0wGALiDq+EvRuZotZrJqkYkN5282iAfcffjI5lmGG9G1ta/CIVauhY42MBXwEgDJkweiDcDMRLzBZC4g==",
      "cpu": [
        "arm64"
      ],
      "license": "MIT",
      "optional": true,
      "os": [
        "android"
      ],
      "engines": {
        "node": ">=12"
      }
    },
    "node_modules/esbuild-darwin-64": {
      "version": "0.14.48",
      "resolved": "https://registry.npmjs.org/esbuild-darwin-64/-/esbuild-darwin-64-0.14.48.tgz",
      "integrity": "sha512-gGQZa4+hab2Va/Zww94YbshLuWteyKGD3+EsVon8EWTWhnHFRm5N9NbALNbwi/7hQ/hM1Zm4FuHg+k6BLsl5UA==",
      "cpu": [
        "x64"
      ],
      "license": "MIT",
      "optional": true,
      "os": [
        "darwin"
      ],
      "engines": {
        "node": ">=12"
      }
    },
    "node_modules/esbuild-darwin-arm64": {
      "version": "0.14.48",
      "resolved": "https://registry.npmjs.org/esbuild-darwin-arm64/-/esbuild-darwin-arm64-0.14.48.tgz",
      "integrity": "sha512-bFjnNEXjhZT+IZ8RvRGNJthLWNHV5JkCtuOFOnjvo5pC0sk2/QVk0Qc06g2PV3J0TcU6kaPC3RN9yy9w2PSLEA==",
      "cpu": [
        "arm64"
      ],
      "license": "MIT",
      "optional": true,
      "os": [
        "darwin"
      ],
      "engines": {
        "node": ">=12"
      }
    },
    "node_modules/esbuild-freebsd-64": {
      "version": "0.14.48",
      "resolved": "https://registry.npmjs.org/esbuild-freebsd-64/-/esbuild-freebsd-64-0.14.48.tgz",
      "integrity": "sha512-1NOlwRxmOsnPcWOGTB10JKAkYSb2nue0oM1AfHWunW/mv3wERfJmnYlGzL3UAOIUXZqW8GeA2mv+QGwq7DToqA==",
      "cpu": [
        "x64"
      ],
      "license": "MIT",
      "optional": true,
      "os": [
        "freebsd"
      ],
      "engines": {
        "node": ">=12"
      }
    },
    "node_modules/esbuild-freebsd-arm64": {
      "version": "0.14.48",
      "resolved": "https://registry.npmjs.org/esbuild-freebsd-arm64/-/esbuild-freebsd-arm64-0.14.48.tgz",
      "integrity": "sha512-gXqKdO8wabVcYtluAbikDH2jhXp+Klq5oCD5qbVyUG6tFiGhrC9oczKq3vIrrtwcxDQqK6+HDYK8Zrd4bCA9Gw==",
      "cpu": [
        "arm64"
      ],
      "license": "MIT",
      "optional": true,
      "os": [
        "freebsd"
      ],
      "engines": {
        "node": ">=12"
      }
    },
    "node_modules/esbuild-linux-32": {
      "version": "0.14.48",
      "resolved": "https://registry.npmjs.org/esbuild-linux-32/-/esbuild-linux-32-0.14.48.tgz",
      "integrity": "sha512-ghGyDfS289z/LReZQUuuKq9KlTiTspxL8SITBFQFAFRA/IkIvDpnZnCAKTCjGXAmUqroMQfKJXMxyjJA69c/nQ==",
      "cpu": [
        "ia32"
      ],
      "license": "MIT",
      "optional": true,
      "os": [
        "linux"
      ],
      "engines": {
        "node": ">=12"
      }
    },
    "node_modules/esbuild-linux-64": {
      "version": "0.14.48",
      "resolved": "https://registry.npmjs.org/esbuild-linux-64/-/esbuild-linux-64-0.14.48.tgz",
      "integrity": "sha512-vni3p/gppLMVZLghI7oMqbOZdGmLbbKR23XFARKnszCIBpEMEDxOMNIKPmMItQrmH/iJrL1z8Jt2nynY0bE1ug==",
      "cpu": [
        "x64"
      ],
      "license": "MIT",
      "optional": true,
      "os": [
        "linux"
      ],
      "engines": {
        "node": ">=12"
      }
    },
    "node_modules/esbuild-linux-arm": {
      "version": "0.14.48",
      "resolved": "https://registry.npmjs.org/esbuild-linux-arm/-/esbuild-linux-arm-0.14.48.tgz",
      "integrity": "sha512-+VfSV7Akh1XUiDNXgqgY1cUP1i2vjI+BmlyXRfVz5AfV3jbpde8JTs5Q9sYgaoq5cWfuKfoZB/QkGOI+QcL1Tw==",
      "cpu": [
        "arm"
      ],
      "license": "MIT",
      "optional": true,
      "os": [
        "linux"
      ],
      "engines": {
        "node": ">=12"
      }
    },
    "node_modules/esbuild-linux-arm64": {
      "version": "0.14.48",
      "resolved": "https://registry.npmjs.org/esbuild-linux-arm64/-/esbuild-linux-arm64-0.14.48.tgz",
      "integrity": "sha512-3CFsOlpoxlKPRevEHq8aAntgYGYkE1N9yRYAcPyng/p4Wyx0tPR5SBYsxLKcgPB9mR8chHEhtWYz6EZ+H199Zw==",
      "cpu": [
        "arm64"
      ],
      "license": "MIT",
      "optional": true,
      "os": [
        "linux"
      ],
      "engines": {
        "node": ">=12"
      }
    },
    "node_modules/esbuild-linux-mips64le": {
      "version": "0.14.48",
      "resolved": "https://registry.npmjs.org/esbuild-linux-mips64le/-/esbuild-linux-mips64le-0.14.48.tgz",
      "integrity": "sha512-cs0uOiRlPp6ymknDnjajCgvDMSsLw5mST2UXh+ZIrXTj2Ifyf2aAP3Iw4DiqgnyYLV2O/v/yWBJx+WfmKEpNLA==",
      "cpu": [
        "mips64el"
      ],
      "license": "MIT",
      "optional": true,
      "os": [
        "linux"
      ],
      "engines": {
        "node": ">=12"
      }
    },
    "node_modules/esbuild-linux-ppc64le": {
      "version": "0.14.48",
      "resolved": "https://registry.npmjs.org/esbuild-linux-ppc64le/-/esbuild-linux-ppc64le-0.14.48.tgz",
      "integrity": "sha512-+2F0vJMkuI0Wie/wcSPDCqXvSFEELH7Jubxb7mpWrA/4NpT+/byjxDz0gG6R1WJoeDefcrMfpBx4GFNN1JQorQ==",
      "cpu": [
        "ppc64"
      ],
      "license": "MIT",
      "optional": true,
      "os": [
        "linux"
      ],
      "engines": {
        "node": ">=12"
      }
    },
    "node_modules/esbuild-linux-riscv64": {
      "version": "0.14.48",
      "resolved": "https://registry.npmjs.org/esbuild-linux-riscv64/-/esbuild-linux-riscv64-0.14.48.tgz",
      "integrity": "sha512-BmaK/GfEE+5F2/QDrIXteFGKnVHGxlnK9MjdVKMTfvtmudjY3k2t8NtlY4qemKSizc+QwyombGWTBDc76rxePA==",
      "cpu": [
        "riscv64"
      ],
      "license": "MIT",
      "optional": true,
      "os": [
        "linux"
      ],
      "engines": {
        "node": ">=12"
      }
    },
    "node_modules/esbuild-linux-s390x": {
      "version": "0.14.48",
      "resolved": "https://registry.npmjs.org/esbuild-linux-s390x/-/esbuild-linux-s390x-0.14.48.tgz",
      "integrity": "sha512-tndw/0B9jiCL+KWKo0TSMaUm5UWBLsfCKVdbfMlb3d5LeV9WbijZ8Ordia8SAYv38VSJWOEt6eDCdOx8LqkC4g==",
      "cpu": [
        "s390x"
      ],
      "license": "MIT",
      "optional": true,
      "os": [
        "linux"
      ],
      "engines": {
        "node": ">=12"
      }
    },
    "node_modules/esbuild-netbsd-64": {
      "version": "0.14.48",
      "resolved": "https://registry.npmjs.org/esbuild-netbsd-64/-/esbuild-netbsd-64-0.14.48.tgz",
      "integrity": "sha512-V9hgXfwf/T901Lr1wkOfoevtyNkrxmMcRHyticybBUHookznipMOHoF41Al68QBsqBxnITCEpjjd4yAos7z9Tw==",
      "cpu": [
        "x64"
      ],
      "license": "MIT",
      "optional": true,
      "os": [
        "netbsd"
      ],
      "engines": {
        "node": ">=12"
      }
    },
    "node_modules/esbuild-openbsd-64": {
      "version": "0.14.48",
      "resolved": "https://registry.npmjs.org/esbuild-openbsd-64/-/esbuild-openbsd-64-0.14.48.tgz",
      "integrity": "sha512-+IHf4JcbnnBl4T52egorXMatil/za0awqzg2Vy6FBgPcBpisDWT2sVz/tNdrK9kAqj+GZG/jZdrOkj7wsrNTKA==",
      "cpu": [
        "x64"
      ],
      "license": "MIT",
      "optional": true,
      "os": [
        "openbsd"
      ],
      "engines": {
        "node": ">=12"
      }
    },
    "node_modules/esbuild-sunos-64": {
      "version": "0.14.48",
      "resolved": "https://registry.npmjs.org/esbuild-sunos-64/-/esbuild-sunos-64-0.14.48.tgz",
      "integrity": "sha512-77m8bsr5wOpOWbGi9KSqDphcq6dFeJyun8TA+12JW/GAjyfTwVtOnN8DOt6DSPUfEV+ltVMNqtXUeTeMAxl5KA==",
      "cpu": [
        "x64"
      ],
      "license": "MIT",
      "optional": true,
      "os": [
        "sunos"
      ],
      "engines": {
        "node": ">=12"
      }
    },
    "node_modules/esbuild-windows-32": {
      "version": "0.14.48",
      "resolved": "https://registry.npmjs.org/esbuild-windows-32/-/esbuild-windows-32-0.14.48.tgz",
      "integrity": "sha512-EPgRuTPP8vK9maxpTGDe5lSoIBHGKO/AuxDncg5O3NkrPeLNdvvK8oywB0zGaAZXxYWfNNSHskvvDgmfVTguhg==",
      "cpu": [
        "ia32"
      ],
      "license": "MIT",
      "optional": true,
      "os": [
        "win32"
      ],
      "engines": {
        "node": ">=12"
      }
    },
    "node_modules/esbuild-windows-64": {
      "version": "0.14.48",
      "resolved": "https://registry.npmjs.org/esbuild-windows-64/-/esbuild-windows-64-0.14.48.tgz",
      "integrity": "sha512-YmpXjdT1q0b8ictSdGwH3M8VCoqPpK1/UArze3X199w6u8hUx3V8BhAi1WjbsfDYRBanVVtduAhh2sirImtAvA==",
      "cpu": [
        "x64"
      ],
      "license": "MIT",
      "optional": true,
      "os": [
        "win32"
      ],
      "engines": {
        "node": ">=12"
      }
    },
    "node_modules/esbuild-windows-arm64": {
      "version": "0.14.48",
      "resolved": "https://registry.npmjs.org/esbuild-windows-arm64/-/esbuild-windows-arm64-0.14.48.tgz",
      "integrity": "sha512-HHaOMCsCXp0rz5BT2crTka6MPWVno121NKApsGs/OIW5QC0ggC69YMGs1aJct9/9FSUF4A1xNE/cLvgB5svR4g==",
      "cpu": [
        "arm64"
      ],
      "license": "MIT",
      "optional": true,
      "os": [
        "win32"
      ],
      "engines": {
        "node": ">=12"
      }
    },
    "node_modules/htmlparser2": {
      "version": "8.0.2",
      "resolved": "https://registry.npmjs.org/htmlparser2/-/htmlparser2-8.0.2.tgz",
      "integrity": "sha512-GYdjWKDkbRLkZ5geuHs5NY1puJ+PXwP7+fHPRz06Eirsb9ugf6d8kkXav6ADhcODhFFPMIXyxkxSuMf3D6NCFA==",
      "funding": [
        "https://github.com/fb55/htmlparser2?sponsor=1",
        {
          "type": "github",
          "url": "https://github.com/sponsors/fb55"
        }
      ],
      "license": "MIT",
      "dependencies": {
        "domelementtype": "^2.3.0",
        "domhandler": "^5.0.3",
        "domutils": "^3.0.1",
        "entities": "^4.4.0"
      }
    },
    "node_modules/nth-check": {
      "version": "2.1.1",
      "resolved": "https://registry.npmjs.org/nth-check/-/nth-check-2.1.1.tgz",
      "integrity": "sha512-lqjrjmaOoAnWfMmBPL+XNnynZh2+swxiX3WUE0s4yEHI6m+AwrK2UZOimIRl3X/4QctVqS8AiZjFqyOGrMXb/w==",
      "license": "BSD-2-Clause",
      "dependencies": {
        "boolbase": "^1.0.0"
      },
      "funding": {
        "url": "https://github.com/fb55/nth-check?sponsor=1"
      }
    },
    "node_modules/parse5": {
      "version": "7.3.0",
      "resolved": "https://registry.npmjs.org/parse5/-/parse5-7.3.0.tgz",
      "integrity": "sha512-IInvU7fabl34qmi9gY8XOVxhYyMyuH2xUNpb2q8/Y+7552KlejkRvqvD19nMoUW/uQGGbqNpA6Tufu5FL5BZgw==",
      "license": "MIT",
      "dependencies": {
        "entities": "^6.0.0"
      },
      "funding": {
        "url": "https://github.com/inikulin/parse5?sponsor=1"
      }
    },
    "node_modules/parse5-htmlparser2-tree-adapter": {
      "version": "7.1.0",
      "resolved": "https://registry.npmjs.org/parse5-htmlparser2-tree-adapter/-/parse5-htmlparser2-tree-adapter-7.1.0.tgz",
      "integrity": "sha512-ruw5xyKs6lrpo9x9rCZqZZnIUntICjQAd0Wsmp396Ul9lN/h+ifgVV1x1gZHi8euej6wTfpqX8j+BFQxF0NS/g==",
      "license": "MIT",
      "dependencies": {
        "domhandler": "^5.0.3",
        "parse5": "^7.0.0"
      },
      "funding": {
        "url": "https://github.com/inikulin/parse5?sponsor=1"
      }
    },
    "node_modules/parse5/node_modules/entities": {
      "version": "6.0.1",
      "resolved": "https://registry.npmjs.org/entities/-/entities-6.0.1.tgz",
      "integrity": "sha512-aN97NXWF6AWBTahfVOIrB/NShkzi5H7F9r1s9mD3cDj4Ko5f2qhhVoYMibXF7GlLveb/D2ioWay8lxI97Ven3g==",
      "license": "BSD-2-Clause",
      "engines": {
        "node": ">=0.12"
      },
      "funding": {
        "url": "https://github.com/fb55/entities?sponsor=1"
      }
    }
  }
}
